
Microsoft Visual Studio Solution File, Format Version 12.00
# Visual Studio Version 16
VisualStudioVersion = 16.0.31624.102
MinimumVisualStudioVersion = 10.0.40219.1
Project("{2150E333-8FDC-42A3-9474-1A3956D46DE8}") = "1 Layers", "1 Layers", "{B451F8B7-FD72-4B9E-9605-45E73B8D3A9A}"
EndProject
Project("{2150E333-8FDC-42A3-9474-1A3956D46DE8}") = "1.1 DistributedServices", "1.1 DistributedServices", "{5D152DB8-F1A7-4BC8-8783-DF5BA6D736D0}"
EndProject
Project("{FAE04EC0-301F-11D3-BF4B-00C04F79EFBC}") = "Coworking.Api", "Coworking.Api\Coworking.Api.csproj", "{5CE8AD30-0FEA-419B-8843-C38610CDF5F0}"
EndProject
Project("{2150E333-8FDC-42A3-9474-1A3956D46DE8}") = "1.2 Services", "1.2 Services", "{FDC5579D-1066-4EA5-AB11-1DC2DC06516A}"
EndProject
Project("{FAE04EC0-301F-11D3-BF4B-00C04F79EFBC}") = "Coworking.Services", "Coworking.Services\Coworking.Services.csproj", "{A660251E-C060-4D4E-8370-ACAC6D8EAC67}"
EndProject
Project("{FAE04EC0-301F-11D3-BF4B-00C04F79EFBC}") = "Coworking.ContractServices", "Coworking.ContractServices\Coworking.ContractServices.csproj", "{AF19A846-3FFF-4AF3-84B2-BDA53E797100}"
EndProject
Project("{2150E333-8FDC-42A3-9474-1A3956D46DE8}") = "1.3 Business", "1.3 Business", "{1AA6166E-2623-47BE-AECC-B92A5879606C}"
EndProject
Project("{FAE04EC0-301F-11D3-BF4B-00C04F79EFBC}") = "Coworking.Business", "Coworking.Business\Coworking.Business.csproj", "{5F4E8E34-44DE-4EAF-B191-3206B78AB942}"
EndProject
Project("{2150E333-8FDC-42A3-9474-1A3956D46DE8}") = "1.4 DataAccess", "1.4 DataAccess", "{27F41507-7574-4BA6-B1BE-380D7582617B}"
EndProject
Project("{FAE04EC0-301F-11D3-BF4B-00C04F79EFBC}") = "Coworking.DataAccess", "Coworking.DataAccess\Coworking.DataAccess.csproj", "{B786B5CF-5A73-45E4-B944-B461E27DE648}"
EndProject
Project("{FAE04EC0-301F-11D3-BF4B-00C04F79EFBC}") = "Coworking.DataAccess.Contracts", "Coworking.DataAccess.Contracts\Coworking.DataAccess.Contracts.csproj", "{29763967-7FA7-4A99-B394-FC5D51FDD56C}"
EndProject
Project("{2150E333-8FDC-42A3-9474-1A3956D46DE8}") = "1.5 Crosscuting", "1.5 Crosscuting", "{5E9CE4A6-5161-489B-99B5-1BAF039706E3}"
EndProject
Project("{FAE04EC0-301F-11D3-BF4B-00C04F79EFBC}") = "Coworking.Crosscouting", "Coworking.Crosscouting\Coworking.Crosscouting.csproj", "{3FE0B319-3524-4A41-8020-4FB3A95A1940}"
EndProject
Global
	GlobalSection(SolutionConfigurationPlatforms) = preSolution
		Debug|Any CPU = Debug|Any CPU
		Release|Any CPU = Release|Any CPU
	EndGlobalSection
	GlobalSection(ProjectConfigurationPlatforms) = postSolution
		{5CE8AD30-0FEA-419B-8843-C38610CDF5F0}.Debug|Any CPU.ActiveCfg = Debug|Any CPU
		{5CE8AD30-0FEA-419B-8843-C38610CDF5F0}.Debug|Any CPU.Build.0 = Debug|Any CPU
		{5CE8AD30-0FEA-419B-8843-C38610CDF5F0}.Release|Any CPU.ActiveCfg = Release|Any CPU
		{5CE8AD30-0FEA-419B-8843-C38610CDF5F0}.Release|Any CPU.Build.0 = Release|Any CPU
		{A660251E-C060-4D4E-8370-ACAC6D8EAC67}.Debug|Any CPU.ActiveCfg = Debug|Any CPU
		{A660251E-C060-4D4E-8370-ACAC6D8EAC67}.Debug|Any CPU.Build.0 = Debug|Any CPU
		{A660251E-C060-4D4E-8370-ACAC6D8EAC67}.Release|Any CPU.ActiveCfg = Release|Any CPU
		{A660251E-C060-4D4E-8370-ACAC6D8EAC67}.Release|Any CPU.Build.0 = Release|Any CPU
		{AF19A846-3FFF-4AF3-84B2-BDA53E797100}.Debug|Any CPU.ActiveCfg = Debug|Any CPU
		{AF19A846-3FFF-4AF3-84B2-BDA53E797100}.Debug|Any CPU.Build.0 = Debug|Any CPU
		{AF19A846-3FFF-4AF3-84B2-BDA53E797100}.Release|Any CPU.ActiveCfg = Release|Any CPU
		{AF19A846-3FFF-4AF3-84B2-BDA53E797100}.Release|Any CPU.Build.0 = Release|Any CPU
		{5F4E8E34-44DE-4EAF-B191-3206B78AB942}.Debug|Any CPU.ActiveCfg = Debug|Any CPU
		{5F4E8E34-44DE-4EAF-B191-3206B78AB942}.Debug|Any CPU.Build.0 = Debug|Any CPU
		{5F4E8E34-44DE-4EAF-B191-3206B78AB942}.Release|Any CPU.ActiveCfg = Release|Any CPU
		{5F4E8E34-44DE-4EAF-B191-3206B78AB942}.Release|Any CPU.Build.0 = Release|Any CPU
		{B786B5CF-5A73-45E4-B944-B461E27DE648}.Debug|Any CPU.ActiveCfg = Debug|Any CPU
		{B786B5CF-5A73-45E4-B944-B461E27DE648}.Debug|Any CPU.Build.0 = Debug|Any CPU
		{B786B5CF-5A73-45E4-B944-B461E27DE648}.Release|Any CPU.ActiveCfg = Release|Any CPU
		{B786B5CF-5A73-45E4-B944-B461E27DE648}.Release|Any CPU.Build.0 = Release|Any CPU
		{29763967-7FA7-4A99-B394-FC5D51FDD56C}.Debug|Any CPU.ActiveCfg = Debug|Any CPU
		{29763967-7FA7-4A99-B394-FC5D51FDD56C}.Debug|Any CPU.Build.0 = Debug|Any CPU
		{29763967-7FA7-4A99-B394-FC5D51FDD56C}.Release|Any CPU.ActiveCfg = Release|Any CPU
		{29763967-7FA7-4A99-B394-FC5D51FDD56C}.Release|Any CPU.Build.0 = Release|Any CPU
		{3FE0B319-3524-4A41-8020-4FB3A95A1940}.Debug|Any CPU.ActiveCfg = Debug|Any CPU
		{3FE0B319-3524-4A41-8020-4FB3A95A1940}.Debug|Any CPU.Build.0 = Debug|Any CPU
		{3FE0B319-3524-4A41-8020-4FB3A95A1940}.Release|Any CPU.ActiveCfg = Release|Any CPU
		{3FE0B319-3524-4A41-8020-4FB3A95A1940}.Release|Any CPU.Build.0 = Release|Any CPU
	EndGlobalSection
	GlobalSection(SolutionProperties) = preSolution
		HideSolutionNode = FALSE
	EndGlobalSection
	GlobalSection(NestedProjects) = preSolution
		{5D152DB8-F1A7-4BC8-8783-DF5BA6D736D0} = {B451F8B7-FD72-4B9E-9605-45E73B8D3A9A}
		{5CE8AD30-0FEA-419B-8843-C38610CDF5F0} = {5D152DB8-F1A7-4BC8-8783-DF5BA6D736D0}
		{FDC5579D-1066-4EA5-AB11-1DC2DC06516A} = {B451F8B7-FD72-4B9E-9605-45E73B8D3A9A}
		{A660251E-C060-4D4E-8370-ACAC6D8EAC67} = {FDC5579D-1066-4EA5-AB11-1DC2DC06516A}
		{AF19A846-3FFF-4AF3-84B2-BDA53E797100} = {FDC5579D-1066-4EA5-AB11-1DC2DC06516A}
		{1AA6166E-2623-47BE-AECC-B92A5879606C} = {B451F8B7-FD72-4B9E-9605-45E73B8D3A9A}
		{5F4E8E34-44DE-4EAF-B191-3206B78AB942} = {1AA6166E-2623-47BE-AECC-B92A5879606C}
		{27F41507-7574-4BA6-B1BE-380D7582617B} = {B451F8B7-FD72-4B9E-9605-45E73B8D3A9A}
		{B786B5CF-5A73-45E4-B944-B461E27DE648} = {27F41507-7574-4BA6-B1BE-380D7582617B}
		{29763967-7FA7-4A99-B394-FC5D51FDD56C} = {27F41507-7574-4BA6-B1BE-380D7582617B}
		{5E9CE4A6-5161-489B-99B5-1BAF039706E3} = {B451F8B7-FD72-4B9E-9605-45E73B8D3A9A}
		{3FE0B319-3524-4A41-8020-4FB3A95A1940} = {5E9CE4A6-5161-489B-99B5-1BAF039706E3}
	EndGlobalSection
	GlobalSection(ExtensibilityGlobals) = postSolution
		SolutionGuid = {D5E10327-D4EC-478D-89AE-7286C77FBB79}
	EndGlobalSection
EndGlobal
